
Microsoft Visual Studio Solution File, Format Version 12.00
# Visual Studio Version 16
VisualStudioVersion = 16.0.30717.126
MinimumVisualStudioVersion = 10.0.40219.1
Project("{FAE04EC0-301F-11D3-BF4B-00C04F79EFBC}") = "DashService.Logger", "DashService.Logger\DashService.Logger.csproj", "{1CA401FC-CD26-4BC3-8790-6E32A347DE83}"
EndProject
Global
	GlobalSection(SolutionConfigurationPlatforms) = preSolution
		Debug|Any CPU = Debug|Any CPU
		Release|Any CPU = Release|Any CPU
	EndGlobalSection
	GlobalSection(ProjectConfigurationPlatforms) = postSolution
		{1CA401FC-CD26-4BC3-8790-6E32A347DE83}.Debug|Any CPU.ActiveCfg = Debug|Any CPU
		{1CA401FC-CD26-4BC3-8790-6E32A347DE83}.Debug|Any CPU.Build.0 = Debug|Any CPU
		{1CA401FC-CD26-4BC3-8790-6E32A347DE83}.Release|Any CPU.ActiveCfg = Release|Any CPU
		{1CA401FC-CD26-4BC3-8790-6E32A347DE83}.Release|Any CPU.Build.0 = Release|Any CPU
	EndGlobalSection
	GlobalSection(SolutionProperties) = preSolution
		HideSolutionNode = FALSE
	EndGlobalSection
	GlobalSection(ExtensibilityGlobals) = postSolution
		SolutionGuid = {916361BB-72AF-4AD8-8CB7-3527C533C40E}
	EndGlobalSection
EndGlobal
